// !$*UTF8*$!
{
	archiveVersion = 1;
	classes = {
	};
	objectVersion = 46;
	objects = {

/* Begin PBXBuildFile section */
		3F25B2791A7F758700856F99 /* main.m in Sources */ = {isa = PBXBuildFile; fileRef = 3F25B2781A7F758700856F99 /* main.m */; };
		3F25B27C1A7F758700856F99 /* AppDelegate.m in Sources */ = {isa = PBXBuildFile; fileRef = 3F25B27B1A7F758700856F99 /* AppDelegate.m */; };
		3F25B27F1A7F758700856F99 /* ViewController.m in Sources */ = {isa = PBXBuildFile; fileRef = 3F25B27E1A7F758700856F99 /* ViewController.m */; };
		3F25B2821A7F758700856F99 /* Main.storyboard in Resources */ = {isa = PBXBuildFile; fileRef = 3F25B2801A7F758700856F99 /* Main.storyboard */; };
		3F25B2841A7F758700856F99 /* Images.xcassets in Resources */ = {isa = PBXBuildFile; fileRef = 3F25B2831A7F758700856F99 /* Images.xcassets */; };
		3F25B2871A7F758700856F99 /* LaunchScreen.xib in Resources */ = {isa = PBXBuildFile; fileRef = 3F25B2851A7F758700856F99 /* LaunchScreen.xib */; };
		3F25B2931A7F758800856F99 /* CheckersTests.m in Sources */ = {isa = PBXBuildFile; fileRef = 3F25B2921A7F758800856F99 /* CheckersTests.m */; };
		3F25B29D1A7F764C00856F99 /* checkerboard.jpg in Resources */ = {isa = PBXBuildFile; fileRef = 3F25B29C1A7F764C00856F99 /* checkerboard.jpg */; };
		3F25B2A41A7F797C00856F99 /* black.png in Resources */ = {isa = PBXBuildFile; fileRef = 3F25B2A31A7F797B00856F99 /* black.png */; };
		3F25B2A61A7F798100856F99 /* red.png in Resources */ = {isa = PBXBuildFile; fileRef = 3F25B2A51A7F798100856F99 /* red.png */; };
		3F25B2AC1A7F7BC700856F99 /* CheckerBoard.m in Sources */ = {isa = PBXBuildFile; fileRef = 3F25B2AB1A7F7BC700856F99 /* CheckerBoard.m */; };
		3F25B2AF1A7F7C4A00856F99 /* CheckerPiece.m in Sources */ = {isa = PBXBuildFile; fileRef = 3F25B2AE1A7F7C4A00856F99 /* CheckerPiece.m */; };
/* End PBXBuildFile section */

/* Begin PBXContainerItemProxy section */
		3F25B28D1A7F758800856F99 /* PBXContainerItemProxy */ = {
			isa = PBXContainerItemProxy;
			containerPortal = 3F25B26B1A7F758700856F99 /* Project object */;
			proxyType = 1;
			remoteGlobalIDString = 3F25B2721A7F758700856F99;
			remoteInfo = Checkers;
		};
/* End PBXContainerItemProxy section */

/* Begin PBXFileReference section */
		3F25B2731A7F758700856F99 /* Checkers.app */ = {isa = PBXFileReference; explicitFileType = wrapper.application; includeInIndex = 0; path = Checkers.app; sourceTree = BUILT_PRODUCTS_DIR; };
		3F25B2771A7F758700856F99 /* Info.plist */ = {isa = PBXFileReference; lastKnownFileType = text.plist.xml; path = Info.plist; sourceTree = "<group>"; };
		3F25B2781A7F758700856F99 /* main.m */ = {isa = PBXFileReference; lastKnownFileType = sourcecode.c.objc; path = main.m; sourceTree = "<group>"; };
		3F25B27A1A7F758700856F99 /* AppDelegate.h */ = {isa = PBXFileReference; lastKnownFileType = sourcecode.c.h; path = AppDelegate.h; sourceTree = "<group>"; };
		3F25B27B1A7F758700856F99 /* AppDelegate.m */ = {isa = PBXFileReference; lastKnownFileType = sourcecode.c.objc; path = AppDelegate.m; sourceTree = "<group>"; };
		3F25B27D1A7F758700856F99 /* ViewController.h */ = {isa = PBXFileReference; lastKnownFileType = sourcecode.c.h; path = ViewController.h; sourceTree = "<group>"; };
		3F25B27E1A7F758700856F99 /* ViewController.m */ = {isa = PBXFileReference; lastKnownFileType = sourcecode.c.objc; path = ViewController.m; sourceTree = "<group>"; };
		3F25B2811A7F758700856F99 /* Base */ = {isa = PBXFileReference; lastKnownFileType = file.storyboard; name = Base; path = Base.lproj/Main.storyboard; sourceTree = "<group>"; };
		3F25B2831A7F758700856F99 /* Images.xcassets */ = {isa = PBXFileReference; lastKnownFileType = folder.assetcatalog; path = Images.xcassets; sourceTree = "<group>"; };
		3F25B2861A7F758700856F99 /* Base */ = {isa = PBXFileReference; lastKnownFileType = file.xib; name = Base; path = Base.lproj/LaunchScreen.xib; sourceTree = "<group>"; };
		3F25B28C1A7F758800856F99 /* CheckersTests.xctest */ = {isa = PBXFileReference; explicitFileType = wrapper.cfbundle; includeInIndex = 0; path = CheckersTests.xctest; sourceTree = BUILT_PRODUCTS_DIR; };
		3F25B2911A7F758800856F99 /* Info.plist */ = {isa = PBXFileReference; lastKnownFileType = text.plist.xml; path = Info.plist; sourceTree = "<group>"; };
		3F25B2921A7F758800856F99 /* CheckersTests.m */ = {isa = PBXFileReference; lastKnownFileType = sourcecode.c.objc; path = CheckersTests.m; sourceTree = "<group>"; };
		3F25B29C1A7F764C00856F99 /* checkerboard.jpg */ = {isa = PBXFileReference; lastKnownFileType = image.jpeg; path = checkerboard.jpg; sourceTree = "<group>"; };
		3F25B2A31A7F797B00856F99 /* black.png */ = {isa = PBXFileReference; lastKnownFileType = image.png; path = black.png; sourceTree = "<group>"; };
		3F25B2A51A7F798100856F99 /* red.png */ = {isa = PBXFileReference; lastKnownFileType = image.png; path = red.png; sourceTree = "<group>"; };
		3F25B2AA1A7F7BC700856F99 /* CheckerBoard.h */ = {isa = PBXFileReference; fileEncoding = 4; lastKnownFileType = sourcecode.c.h; path = CheckerBoard.h; sourceTree = "<group>"; };
		3F25B2AB1A7F7BC700856F99 /* CheckerBoard.m */ = {isa = PBXFileReference; fileEncoding = 4; lastKnownFileType = sourcecode.c.objc; path = CheckerBoard.m; sourceTree = "<group>"; };
		3F25B2AD1A7F7C4A00856F99 /* CheckerPiece.h */ = {isa = PBXFileReference; fileEncoding = 4; lastKnownFileType = sourcecode.c.h; path = CheckerPiece.h; sourceTree = "<group>"; };
		3F25B2AE1A7F7C4A00856F99 /* CheckerPiece.m */ = {isa = PBXFileReference; fileEncoding = 4; lastKnownFileType = sourcecode.c.objc; path = CheckerPiece.m; sourceTree = "<group>"; };
		3FCA2B021A7FED23007BBF7D /* WinConditionDelegate.h */ = {isa = PBXFileReference; lastKnownFileType = sourcecode.c.h; path = WinConditionDelegate.h; sourceTree = "<group>"; };
		3FEF41031A7F9EC90006AF9B /* BoardCellState.h */ = {isa = PBXFileReference; lastKnownFileType = sourcecode.c.h; path = BoardCellState.h; sourceTree = "<group>"; };
/* End PBXFileReference section */

/* Begin PBXFrameworksBuildPhase section */
		3F25B2701A7F758700856F99 /* Frameworks */ = {
			isa = PBXFrameworksBuildPhase;
			buildActionMask = 2147483647;
			files = (
			);
			runOnlyForDeploymentPostprocessing = 0;
		};
		3F25B2891A7F758800856F99 /* Frameworks */ = {
			isa = PBXFrameworksBuildPhase;
			buildActionMask = 2147483647;
			files = (
			);
			runOnlyForDeploymentPostprocessing = 0;
		};
/* End PBXFrameworksBuildPhase section */

/* Begin PBXGroup section */
		3F25B26A1A7F758700856F99 = {
			isa = PBXGroup;
			children = (
				3F25B2751A7F758700856F99 /* Checkers */,
				3F25B28F1A7F758800856F99 /* CheckersTests */,
				3F25B2741A7F758700856F99 /* Products */,
			);
			sourceTree = "<group>";
		};
		3F25B2741A7F758700856F99 /* Products */ = {
			isa = PBXGroup;
			children = (
				3F25B2731A7F758700856F99 /* Checkers.app */,
				3F25B28C1A7F758800856F99 /* CheckersTests.xctest */,
			);
			name = Products;
			sourceTree = "<group>";
		};
		3F25B2751A7F758700856F99 /* Checkers */ = {
			isa = PBXGroup;
			children = (
				3F25B2A21A7F765B00856F99 /* Images */,
				3F25B27A1A7F758700856F99 /* AppDelegate.h */,
				3F25B27B1A7F758700856F99 /* AppDelegate.m */,
				3F25B27D1A7F758700856F99 /* ViewController.h */,
				3F25B27E1A7F758700856F99 /* ViewController.m */,
				3F25B2AA1A7F7BC700856F99 /* CheckerBoard.h */,
				3F25B2AB1A7F7BC700856F99 /* CheckerBoard.m */,
				3F25B2AD1A7F7C4A00856F99 /* CheckerPiece.h */,
				3F25B2AE1A7F7C4A00856F99 /* CheckerPiece.m */,
				3FEF41031A7F9EC90006AF9B /* BoardCellState.h */,
				3FCA2B021A7FED23007BBF7D /* WinConditionDelegate.h */,
				3F25B2801A7F758700856F99 /* Main.storyboard */,
				3F25B2831A7F758700856F99 /* Images.xcassets */,
				3F25B2851A7F758700856F99 /* LaunchScreen.xib */,
				3F25B2761A7F758700856F99 /* Supporting Files */,
			);
			path = Checkers;
			sourceTree = "<group>";
		};
		3F25B2761A7F758700856F99 /* Supporting Files */ = {
			isa = PBXGroup;
			children = (
				3F25B2771A7F758700856F99 /* Info.plist */,
				3F25B2781A7F758700856F99 /* main.m */,
			);
			name = "Supporting Files";
			sourceTree = "<group>";
		};
		3F25B28F1A7F758800856F99 /* CheckersTests */ = {
			isa = PBXGroup;
			children = (
				3F25B2921A7F758800856F99 /* CheckersTests.m */,
				3F25B2901A7F758800856F99 /* Supporting Files */,
			);
			path = CheckersTests;
			sourceTree = "<group>";
		};
		3F25B2901A7F758800856F99 /* Supporting Files */ = {
			isa = PBXGroup;
			children = (
				3F25B2911A7F758800856F99 /* Info.plist */,
			);
			name = "Supporting Files";
			sourceTree = "<group>";
		};
		3F25B2A21A7F765B00856F99 /* Images */ = {
			isa = PBXGroup;
			children = (
				3F25B29C1A7F764C00856F99 /* checkerboard.jpg */,
				3F25B2A31A7F797B00856F99 /* black.png */,
				3F25B2A51A7F798100856F99 /* red.png */,
			);
			name = Images;
			sourceTree = "<group>";
		};
/* End PBXGroup section */

/* Begin PBXNativeTarget section */
		3F25B2721A7F758700856F99 /* Checkers */ = {
			isa = PBXNativeTarget;
			buildConfigurationList = 3F25B2961A7F758800856F99 /* Build configuration list for PBXNativeTarget "Checkers" */;
			buildPhases = (
				3F25B26F1A7F758700856F99 /* Sources */,
				3F25B2701A7F758700856F99 /* Frameworks */,
				3F25B2711A7F758700856F99 /* Resources */,
			);
			buildRules = (
			);
			dependencies = (
			);
			name = Checkers;
			productName = Checkers;
			productReference = 3F25B2731A7F758700856F99 /* Checkers.app */;
			productType = "com.apple.product-type.application";
		};
		3F25B28B1A7F758800856F99 /* CheckersTests */ = {
			isa = PBXNativeTarget;
			buildConfigurationList = 3F25B2991A7F758800856F99 /* Build configuration list for PBXNativeTarget "CheckersTests" */;
			buildPhases = (
				3F25B2881A7F758800856F99 /* Sources */,
				3F25B2891A7F758800856F99 /* Frameworks */,
				3F25B28A1A7F758800856F99 /* Resources */,
			);
			buildRules = (
			);
			dependencies = (
				3F25B28E1A7F758800856F99 /* PBXTargetDependency */,
			);
			name = CheckersTests;
			productName = CheckersTests;
			productReference = 3F25B28C1A7F758800856F99 /* CheckersTests.xctest */;
			productType = "com.apple.product-type.bundle.unit-test";
		};
/* End PBXNativeTarget section */

/* Begin PBXProject section */
		3F25B26B1A7F758700856F99 /* Project object */ = {
			isa = PBXProject;
			attributes = {
				LastUpgradeCheck = 0610;
				ORGANIZATIONNAME = "Rampid Entertainment";
				TargetAttributes = {
					3F25B2721A7F758700856F99 = {
						CreatedOnToolsVersion = 6.1.1;
					};
					3F25B28B1A7F758800856F99 = {
						CreatedOnToolsVersion = 6.1.1;
						TestTargetID = 3F25B2721A7F758700856F99;
					};
				};
			};
			buildConfigurationList = 3F25B26E1A7F758700856F99 /* Build configuration list for PBXProject "Checkers" */;
			compatibilityVersion = "Xcode 3.2";
			developmentRegion = English;
			hasScannedForEncodings = 0;
			knownRegions = (
				en,
				Base,
			);
			mainGroup = 3F25B26A1A7F758700856F99;
			productRefGroup = 3F25B2741A7F758700856F99 /* Products */;
			projectDirPath = "";
			projectRoot = "";
			targets = (
				3F25B2721A7F758700856F99 /* Checkers */,
				3F25B28B1A7F758800856F99 /* CheckersTests */,
			);
		};
/* End PBXProject section */

/* Begin PBXResourcesBuildPhase section */
		3F25B2711A7F758700856F99 /* Resources */ = {
			isa = PBXResourcesBuildPhase;
			buildActionMask = 2147483647;
			files = (
				3F25B29D1A7F764C00856F99 /* checkerboard.jpg in Resources */,
				3F25B2821A7F758700856F99 /* Main.storyboard in Resources */,
				3F25B2871A7F758700856F99 /* LaunchScreen.xib in Resources */,
				3F25B2A61A7F798100856F99 /* red.png in Resources */,
				3F25B2841A7F758700856F99 /* Images.xcassets in Resources */,
				3F25B2A41A7F797C00856F99 /* black.png in Resources */,
			);
			runOnlyForDeploymentPostprocessing = 0;
		};
		3F25B28A1A7F758800856F99 /* Resources */ = {
			isa = PBXResourcesBuildPhase;
			buildActionMask = 2147483647;
			files = (
			);
			runOnlyForDeploymentPostprocessing = 0;
		};
/* End PBXResourcesBuildPhase section */

/* Begin PBXSourcesBuildPhase section */
		3F25B26F1A7F758700856F99 /* Sources */ = {
			isa = PBXSourcesBuildPhase;
			buildActionMask = 2147483647;
			files = (
				3F25B27F1A7F758700856F99 /* ViewController.m in Sources */,
				3F25B2AF1A7F7C4A00856F99 /* CheckerPiece.m in Sources */,
				3F25B27C1A7F758700856F99 /* AppDelegate.m in Sources */,
				3F25B2AC1A7F7BC700856F99 /* CheckerBoard.m in Sources */,
				3F25B2791A7F758700856F99 /* main.m in Sources */,
			);
			runOnlyForDeploymentPostprocessing = 0;
		};
		3F25B2881A7F758800856F99 /* Sources */ = {
			isa = PBXSourcesBuildPhase;
			buildActionMask = 2147483647;
			files = (
				3F25B2931A7F758800856F99 /* CheckersTests.m in Sources */,
			);
			runOnlyForDeploymentPostprocessing = 0;
		};
/* End PBXSourcesBuildPhase section */

/* Begin PBXTargetDependency section */
		3F25B28E1A7F758800856F99 /* PBXTargetDependency */ = {
			isa = PBXTargetDependency;
			target = 3F25B2721A7F758700856F99 /* Checkers */;
			targetProxy = 3F25B28D1A7F758800856F99 /* PBXContainerItemProxy */;
		};
/* End PBXTargetDependency section */

/* Begin PBXVariantGroup section */
		3F25B2801A7F758700856F99 /* Main.storyboard */ = {
			isa = PBXVariantGroup;
			children = (
				3F25B2811A7F758700856F99 /* Base */,
			);
			name = Main.storyboard;
			sourceTree = "<group>";
		};
		3F25B2851A7F758700856F99 /* LaunchScreen.xib */ = {
			isa = PBXVariantGroup;
			children = (
				3F25B2861A7F758700856F99 /* Base */,
			);
			name = LaunchScreen.xib;
			sourceTree = "<group>";
		};
/* End PBXVariantGroup section */

/* Begin XCBuildConfiguration section */
		3F25B2941A7F758800856F99 /* Debug */ = {
			isa = XCBuildConfiguration;
			buildSettings = {
				ALWAYS_SEARCH_USER_PATHS = NO;
				CLANG_CXX_LANGUAGE_STANDARD = "gnu++0x";
				CLANG_CXX_LIBRARY = "libc++";
				CLANG_ENABLE_MODULES = YES;
				CLANG_ENABLE_OBJC_ARC = YES;
				CLANG_WARN_BOOL_CONVERSION = YES;
				CLANG_WARN_CONSTANT_CONVERSION = YES;
				CLANG_WARN_DIRECT_OBJC_ISA_USAGE = YES_ERROR;
				CLANG_WARN_EMPTY_BODY = YES;
				CLANG_WARN_ENUM_CONVERSION = YES;
				CLANG_WARN_INT_CONVERSION = YES;
				CLANG_WARN_OBJC_ROOT_CLASS = YES_ERROR;
				CLANG_WARN_UNREACHABLE_CODE = YES;
				CLANG_WARN__DUPLICATE_METHOD_MATCH = YES;
				"CODE_SIGN_IDENTITY[sdk=iphoneos*]" = "iPhone Developer";
				COPY_PHASE_STRIP = NO;
				ENABLE_STRICT_OBJC_MSGSEND = YES;
				GCC_C_LANGUAGE_STANDARD = gnu99;
				GCC_DYNAMIC_NO_PIC = NO;
				GCC_OPTIMIZATION_LEVEL = 0;
				GCC_PREPROCESSOR_DEFINITIONS = (
					"DEBUG=1",
					"$(inherited)",
				);
				GCC_SYMBOLS_PRIVATE_EXTERN = NO;
				GCC_WARN_64_TO_32_BIT_CONVERSION = YES;
				GCC_WARN_ABOUT_RETURN_TYPE = YES_ERROR;
				GCC_WARN_UNDECLARED_SELECTOR = YES;
				GCC_WARN_UNINITIALIZED_AUTOS = YES_AGGRESSIVE;
				GCC_WARN_UNUSED_FUNCTION = YES;
				GCC_WARN_UNUSED_VARIABLE = YES;
				IPHONEOS_DEPLOYMENT_TARGET = 8.1;
				MTL_ENABLE_DEBUG_INFO = YES;
				ONLY_ACTIVE_ARCH = YES;
				SDKROOT = iphoneos;
			};
			name = Debug;
		};
		3F25B2951A7F758800856F99 /* Release */ = {
			isa = XCBuildConfiguration;
			buildSettings = {
				ALWAYS_SEARCH_USER_PATHS = NO;
				CLANG_CXX_LANGUAGE_STANDARD = "gnu++0x";
				CLANG_CXX_LIBRARY = "libc++";
				CLANG_ENABLE_MODULES = YES;
				CLANG_ENABLE_OBJC_ARC = YES;
				CLANG_WARN_BOOL_CONVERSION = YES;
				CLANG_WARN_CONSTANT_CONVERSION = YES;
				CLANG_WARN_DIRECT_OBJC_ISA_USAGE = YES_ERROR;
				CLANG_WARN_EMPTY_BODY = YES;
				CLANG_WARN_ENUM_CONVERSION = YES;
				CLANG_WARN_INT_CONVERSION = YES;
				CLANG_WARN_OBJC_ROOT_CLASS = YES_ERROR;
				CLANG_WARN_UNREACHABLE_CODE = YES;
				CLANG_WARN__DUPLICATE_METHOD_MATCH = YES;
				"CODE_SIGN_IDENTITY[sdk=iphoneos*]" = "iPhone Developer";
				COPY_PHASE_STRIP = YES;
				ENABLE_NS_ASSERTIONS = NO;
				ENABLE_STRICT_OBJC_MSGSEND = YES;
				GCC_C_LANGUAGE_STANDARD = gnu99;
				GCC_WARN_64_TO_32_BIT_CONVERSION = YES;
				GCC_WARN_ABOUT_RETURN_TYPE = YES_ERROR;
				GCC_WARN_UNDECLARED_SELECTOR = YES;
				GCC_WARN_UNINITIALIZED_AUTOS = YES_AGGRESSIVE;
				GCC_WARN_UNUSED_FUNCTION = YES;
				GCC_WARN_UNUSED_VARIABLE = YES;
				IPHONEOS_DEPLOYMENT_TARGET = 8.1;
				MTL_ENABLE_DEBUG_INFO = NO;
				SDKROOT = iphoneos;
				VALIDATE_PRODUCT = YES;
			};
			name = Release;
		};
		3F25B2971A7F758800856F99 /* Debug */ = {
			isa = XCBuildConfiguration;
			buildSettings = {
				ASSETCATALOG_COMPILER_APPICON_NAME = AppIcon;
				INFOPLIST_FILE = Checkers/Info.plist;
				LD_RUNPATH_SEARCH_PATHS = "$(inherited) @executable_path/Frameworks";
				PRODUCT_NAME = "$(TARGET_NAME)";
			};
			name = Debug;
		};
		3F25B2981A7F758800856F99 /* Release */ = {
			isa = XCBuildConfiguration;
			buildSettings = {
				ASSETCATALOG_COMPILER_APPICON_NAME = AppIcon;
				INFOPLIST_FILE = Checkers/Info.plist;
				LD_RUNPATH_SEARCH_PATHS = "$(inherited) @executable_path/Frameworks";
				PRODUCT_NAME = "$(TARGET_NAME)";
			};
			name = Release;
		};
		3F25B29A1A7F758800856F99 /* Debug */ = {
			isa = XCBuildConfiguration;
			buildSettings = {
				BUNDLE_LOADER = "$(TEST_HOST)";
				FRAMEWORK_SEARCH_PATHS = (
					"$(SDKROOT)/Developer/Library/Frameworks",
					"$(inherited)",
				);
				GCC_PREPROCESSOR_DEFINITIONS = (
					"DEBUG=1",
					"$(inherited)",
				);
				INFOPLIST_FILE = CheckersTests/Info.plist;
				LD_RUNPATH_SEARCH_PATHS = "$(inherited) @executable_path/Frameworks @loader_path/Frameworks";
				PRODUCT_NAME = "$(TARGET_NAME)";
				TEST_HOST = "$(BUILT_PRODUCTS_DIR)/Checkers.app/Checkers";
			};
			name = Debug;
		};
		3F25B29B1A7F758800856F99 /* Release */ = {
			isa = XCBuildConfiguration;
			buildSettings = {
				BUNDLE_LOADER = "$(TEST_HOST)";
				FRAMEWORK_SEARCH_PATHS = (
					"$(SDKROOT)/Developer/Library/Frameworks",
					"$(inherited)",
				);
				INFOPLIST_FILE = CheckersTests/Info.plist;
				LD_RUNPATH_SEARCH_PATHS = "$(inherited) @executable_path/Frameworks @loader_path/Frameworks";
				PRODUCT_NAME = "$(TARGET_NAME)";
				TEST_HOST = "$(BUILT_PRODUCTS_DIR)/Checkers.app/Checkers";
			};
			name = Release;
		};
/* End XCBuildConfiguration section */

/* Begin XCConfigurationList section */
		3F25B26E1A7F758700856F99 /* Build configuration list for PBXProject "Checkers" */ = {
			isa = XCConfigurationList;
			buildConfigurations = (
				3F25B2941A7F758800856F99 /* Debug */,
				3F25B2951A7F758800856F99 /* Release */,
			);
			defaultConfigurationIsVisible = 0;
			defaultConfigurationName = Release;
		};
		3F25B2961A7F758800856F99 /* Build configuration list for PBXNativeTarget "Checkers" */ = {
			isa = XCConfigurationList;
			buildConfigurations = (
				3F25B2971A7F758800856F99 /* Debug */,
				3F25B2981A7F758800856F99 /* Release */,
			);
			defaultConfigurationIsVisible = 0;
			defaultConfigurationName = Release;
		};
		3F25B2991A7F758800856F99 /* Build configuration list for PBXNativeTarget "CheckersTests" */ = {
			isa = XCConfigurationList;
			buildConfigurations = (
				3F25B29A1A7F758800856F99 /* Debug */,
				3F25B29B1A7F758800856F99 /* Release */,
			);
			defaultConfigurationIsVisible = 0;
			defaultConfigurationName = Release;
		};
/* End XCConfigurationList section */
	};
	rootObject = 3F25B26B1A7F758700856F99 /* Project object */;
}
